github.com/WJQSERVER-STUDIO/go-utils/iox v0.0.3 h1:Hc1O6D50U3URkdSzfQ/SgeUU750wUBCYhefdvAbE2Ck=
github.com/WJQSERVER-STUDIO/go-utils/iox v0.0.3/go.mod h1:nFQzepAwwdj5Hp5U+X19l4FVvsaOSBTW41BzfI/CkMA=
github.com/WJQSERVER-STUDIO/httpc v0.9.0 h1:MpXcQQqukrSLHH/2tTfnXrhqD6nEDHB/gbzehXaS8o4=
github.com/WJQSERVER-STUDIO/httpc v0.9.0/go.mod h1:filzryrl4eAtFVyl4oVHcJqx1SpNFbrCn+ddQPLlCSg=
github.com/WJQSERVER/wanf v0.0.8 h1:1Ri9d7nKhu22hGxP8O9B9rXnYym6DYGKgi6WRVx3VF8=
github.com/WJQSERVER/wanf v0.0.8/go.mod h1:R0Zw/1skEMVlQ9m5atbkmanlW+9h2bkdq7+wbPY+F/8=
github.com/fenthope/reco v0.0.5 h1:Z/bOunFf4LSgYP/IxG9fe2pTrIq7bPsDflflbNR5Agw=
github.com/fenthope/reco v0.0.5/go.mod h1:nd5gMkuJHN2+2Iwwt3xy+HSqRaROauIjHNkmQWRsHyM=
github.com/go-json-experiment/json v0.0.0-20260214004413-d219187c3433 h1:vymEbVwYFP/L05h5TKQxvkXoKxNvTpjxYKdF1Nlwuao=
github.com/go-json-experiment/json v0.0.0-20260214004413-d219187c3433/go.mod h1:tphK2c80bpPhMOI4v6bIc2xWywPfbqi1Z06+RcrMkDg=
github.com/valyala/bytebufferpool v1.0.0 h1:GqA5TC/0021Y/b9FG4Oi9Mr3q7XYx6KllzawFIhcdPw=
github.com/valyala/bytebufferpool v1.0.0/go.mod h1:6bBcMArwyJ5K/AmCkWv1jt77kVWyCJ6HpOuEn7z0Csc=
golang.org/x/net v0.53.0 h1:d+qAbo5L0orcWAr0a9JweQpjXF19LMXJE8Ey7hwOdUA=
golang.org/x/net v0.53.0/go.mod h1:JvMuJH7rrdiCfbeHoo3fCQU24Lf5JJwT9W3sJFulfgs=
golang.org/x/text v0.36.0 h1:JfKh3XmcRPqZPKevfXVpI1wXPTqbkE5f7JA92a55Yxg=
golang.org/x/text v0.36.0/go.mod h1:NIdBknypM8iqVmPiuco0Dh6P5Jcdk8lJL0CUebqK164=
