github.com/WJQSERVER-STUDIO/go-utils/iox v0.0.2 h1:AiIHXP21LpK7pFfqUlUstgQEWzjbekZgxOuvVwiMfyM=
github.com/WJQSERVER-STUDIO/go-utils/iox v0.0.2/go.mod h1:mCLqYU32bTmEE6dpj37MKKiZgz70Jh/xyK9vVbq6pok=
github.com/WJQSERVER-STUDIO/httpc v0.8.2 h1:PFPLodV0QAfGEP6915J57vIqoKu9cGuuiXG/7C9TNUk=
github.com/WJQSERVER-STUDIO/httpc v0.8.2/go.mod h1:8WhHVRO+olDFBSvL5PC/bdMkb6U3vRdPJ4p4pnguV5Y=
github.com/WJQSERVER/wanf v0.0.3 h1:OqhG7ETiR5Knqr0lmbb+iUMw9O7re2vEogjVf06QevM=
github.com/WJQSERVER/wanf v0.0.3/go.mod h1:q2Pyg+G+s1acMWxrbI4CwS/Yk76/BzLREEdZ8iFwUNE=
github.com/fenthope/reco v0.0.4 h1:yo2g3aWwdoMpaZWZX4SdZOW7mCK82RQIU/YI8ZUQThM=
github.com/fenthope/reco v0.0.4/go.mod h1:eMyS8HpdMVdJ/2WJt6Cvt8P1EH9Igzj5lSJrgc+0jeg=
github.com/go-json-experiment/json v0.0.0-20260214004413-d219187c3433 h1:vymEbVwYFP/L05h5TKQxvkXoKxNvTpjxYKdF1Nlwuao=
github.com/go-json-experiment/json v0.0.0-20260214004413-d219187c3433/go.mod h1:tphK2c80bpPhMOI4v6bIc2xWywPfbqi1Z06+RcrMkDg=
github.com/valyala/bytebufferpool v1.0.0 h1:GqA5TC/0021Y/b9FG4Oi9Mr3q7XYx6KllzawFIhcdPw=
github.com/valyala/bytebufferpool v1.0.0/go.mod h1:6bBcMArwyJ5K/AmCkWv1jt77kVWyCJ6HpOuEn7z0Csc=
golang.org/x/net v0.50.0 h1:ucWh9eiCGyDR3vtzso0WMQinm2Dnt8cFMuQa9K33J60=
golang.org/x/net v0.50.0/go.mod h1:UgoSli3F/pBgdJBHCTc+tp3gmrU4XswgGRgtnwWTfyM=
