github.com/WJQSERVER-STUDIO/go-utils/iox v0.0.2 h1:AiIHXP21LpK7pFfqUlUstgQEWzjbekZgxOuvVwiMfyM=
github.com/WJQSERVER-STUDIO/go-utils/iox v0.0.2/go.mod h1:mCLqYU32bTmEE6dpj37MKKiZgz70Jh/xyK9vVbq6pok=
github.com/WJQSERVER-STUDIO/httpc v0.8.2 h1:PFPLodV0QAfGEP6915J57vIqoKu9cGuuiXG/7C9TNUk=
github.com/WJQSERVER-STUDIO/httpc v0.8.2/go.mod h1:8WhHVRO+olDFBSvL5PC/bdMkb6U3vRdPJ4p4pnguV5Y=
github.com/WJQSERVER/wanf v0.0.2 h1:E3dfHP6AACYamKn5BVUpi7pkO3L26WJycKF4AhGusXY=
github.com/WJQSERVER/wanf v0.0.2/go.mod h1:q2Pyg+G+s1acMWxrbI4CwS/Yk76/BzLREEdZ8iFwUNE=
github.com/fenthope/reco v0.0.4 h1:yo2g3aWwdoMpaZWZX4SdZOW7mCK82RQIU/YI8ZUQThM=
github.com/fenthope/reco v0.0.4/go.mod h1:eMyS8HpdMVdJ/2WJt6Cvt8P1EH9Igzj5lSJrgc+0jeg=
github.com/go-json-experiment/json v0.0.0-20250910080747-cc2cfa0554c3 h1:02WINGfSX5w0Mn+F28UyRoSt9uvMhKguwWMlOAh6U/0=
github.com/go-json-experiment/json v0.0.0-20250910080747-cc2cfa0554c3/go.mod h1:uNVvRXArCGbZ508SxYYTC5v1JWoz2voff5pm25jU1Ok=
github.com/valyala/bytebufferpool v1.0.0 h1:GqA5TC/0021Y/b9FG4Oi9Mr3q7XYx6KllzawFIhcdPw=
github.com/valyala/bytebufferpool v1.0.0/go.mod h1:6bBcMArwyJ5K/AmCkWv1jt77kVWyCJ6HpOuEn7z0Csc=
golang.org/x/net v0.46.0 h1:giFlY12I07fugqwPuWJi68oOnpfqFnJIJzaIIm2JVV4=
golang.org/x/net v0.46.0/go.mod h1:Q9BGdFy1y4nkUwiLvT5qtyhAnEHgnQ/zd8PfU6nc210=
